
Microsoft Visual Studio Solution File, Format Version 12.00
# Visual Studio 15
VisualStudioVersion = 15.0.28307.539
MinimumVisualStudioVersion = 10.0.40219.1
Project("{FAE04EC0-301F-11D3-BF4B-00C04F79EFBC}") = "FleetSim.Console", "FleetSim.Console\FleetSim.Console.csproj", "{36A9E1F2-5CE6-442A-9432-A51C36E30CEB}"
EndProject
Project("{FAE04EC0-301F-11D3-BF4B-00C04F79EFBC}") = "FleetSim.Objects", "FleetSim.Objects\FleetSim.Objects.csproj", "{C6E465B2-AC29-40E4-BBA4-37741B5CFCF1}"
EndProject
Global
	GlobalSection(SolutionConfigurationPlatforms) = preSolution
		Debug|Any CPU = Debug|Any CPU
		Release|Any CPU = Release|Any CPU
	EndGlobalSection
	GlobalSection(ProjectConfigurationPlatforms) = postSolution
		{36A9E1F2-5CE6-442A-9432-A51C36E30CEB}.Debug|Any CPU.ActiveCfg = Debug|Any CPU
		{36A9E1F2-5CE6-442A-9432-A51C36E30CEB}.Debug|Any CPU.Build.0 = Debug|Any CPU
		{36A9E1F2-5CE6-442A-9432-A51C36E30CEB}.Release|Any CPU.ActiveCfg = Release|Any CPU
		{36A9E1F2-5CE6-442A-9432-A51C36E30CEB}.Release|Any CPU.Build.0 = Release|Any CPU
		{C6E465B2-AC29-40E4-BBA4-37741B5CFCF1}.Debug|Any CPU.ActiveCfg = Debug|Any CPU
		{C6E465B2-AC29-40E4-BBA4-37741B5CFCF1}.Debug|Any CPU.Build.0 = Debug|Any CPU
		{C6E465B2-AC29-40E4-BBA4-37741B5CFCF1}.Release|Any CPU.ActiveCfg = Release|Any CPU
		{C6E465B2-AC29-40E4-BBA4-37741B5CFCF1}.Release|Any CPU.Build.0 = Release|Any CPU
	EndGlobalSection
	GlobalSection(SolutionProperties) = preSolution
		HideSolutionNode = FALSE
	EndGlobalSection
	GlobalSection(ExtensibilityGlobals) = postSolution
		SolutionGuid = {3ECAE80C-BCB0-4DF4-8171-FE1386B28958}
	EndGlobalSection
EndGlobal
